
Microsoft Visual Studio Solution File, Format Version 12.00
# Visual Studio 15
VisualStudioVersion = 15.0.28307.421
MinimumVisualStudioVersion = 10.0.40219.1
Project("{FAE04EC0-301F-11D3-BF4B-00C04F79EFBC}") = "katacli", "katacli\katacli.csproj", "{F69328E4-D625-4EA4-AC5A-73AAAB42B5E6}"
EndProject
Global
	GlobalSection(SolutionConfigurationPlatforms) = preSolution
		Debug|Any CPU = Debug|Any CPU
		Release|Any CPU = Release|Any CPU
	EndGlobalSection
	GlobalSection(ProjectConfigurationPlatforms) = postSolution
		{F69328E4-D625-4EA4-AC5A-73AAAB42B5E6}.Debug|Any CPU.ActiveCfg = Debug|Any CPU
		{F69328E4-D625-4EA4-AC5A-73AAAB42B5E6}.Debug|Any CPU.Build.0 = Debug|Any CPU
		{F69328E4-D625-4EA4-AC5A-73AAAB42B5E6}.Release|Any CPU.ActiveCfg = Release|Any CPU
		{F69328E4-D625-4EA4-AC5A-73AAAB42B5E6}.Release|Any CPU.Build.0 = Release|Any CPU
	EndGlobalSection
	GlobalSection(SolutionProperties) = preSolution
		HideSolutionNode = FALSE
	EndGlobalSection
	GlobalSection(ExtensibilityGlobals) = postSolution
		SolutionGuid = {FF62101D-0DFD-47B9-83A5-9999FBADF134}
	EndGlobalSection
EndGlobal
